
Microsoft Visual Studio Solution File, Format Version 12.00
# Visual Studio Version 17
VisualStudioVersion = 17.10.35013.160
MinimumVisualStudioVersion = 10.0.40219.1
Project("{FAE04EC0-301F-11D3-BF4B-00C04F79EFBC}") = "Demo-One", "Demo-One\Demo-One.csproj", "{04EF3BE8-8171-4691-AA3D-B188A6D24BA9}"
EndProject
Global
	GlobalSection(SolutionConfigurationPlatforms) = preSolution
		Debug|Any CPU = Debug|Any CPU
		Release|Any CPU = Release|Any CPU
	EndGlobalSection
	GlobalSection(ProjectConfigurationPlatforms) = postSolution
		{04EF3BE8-8171-4691-AA3D-B188A6D24BA9}.Debug|Any CPU.ActiveCfg = Debug|Any CPU
		{04EF3BE8-8171-4691-AA3D-B188A6D24BA9}.Debug|Any CPU.Build.0 = Debug|Any CPU
		{04EF3BE8-8171-4691-AA3D-B188A6D24BA9}.Release|Any CPU.ActiveCfg = Release|Any CPU
		{04EF3BE8-8171-4691-AA3D-B188A6D24BA9}.Release|Any CPU.Build.0 = Release|Any CPU
	EndGlobalSection
	GlobalSection(SolutionProperties) = preSolution
		HideSolutionNode = FALSE
	EndGlobalSection
	GlobalSection(ExtensibilityGlobals) = postSolution
		SolutionGuid = {21F1D6A2-EA49-47EF-BD49-A72CC93FD5CB}
	EndGlobalSection
EndGlobal
